
Microsoft Visual Studio Solution File, Format Version 12.00
# Visual Studio 2017
Project("{FAE04EC0-301F-11D3-BF4B-00C04F79EFBC}") = "The-Bermuda-Pineapple", "The-Bermuda-Pineapple.csproj", "{F5D87133-2F91-0AA0-ACBC-7BC7517D3CA3}"
EndProject
Project("{FAE04EC0-301F-11D3-BF4B-00C04F79EFBC}") = "The-Bermuda-Pineapple.Plugins", "The-Bermuda-Pineapple.Plugins.csproj", "{3EF5414F-ED04-5074-61F9-458D28487AC5}"
EndProject
Project("{FAE04EC0-301F-11D3-BF4B-00C04F79EFBC}") = "The-Bermuda-Pineapple.Editor.Plugins", "The-Bermuda-Pineapple.Editor.Plugins.csproj", "{CF6BCB5A-B87D-7E21-B115-661E14A98C7C}"
EndProject
Global
	GlobalSection(SolutionConfigurationPlatforms) = preSolution
		Debug|Any CPU = Debug|Any CPU
		Release|Any CPU = Release|Any CPU
	EndGlobalSection
	GlobalSection(ProjectConfigurationPlatforms) = postSolution
		{F5D87133-2F91-0AA0-ACBC-7BC7517D3CA3}.Debug|Any CPU.ActiveCfg = Debug|Any CPU
		{F5D87133-2F91-0AA0-ACBC-7BC7517D3CA3}.Debug|Any CPU.Build.0 = Debug|Any CPU
		{F5D87133-2F91-0AA0-ACBC-7BC7517D3CA3}.Release|Any CPU.ActiveCfg = Release|Any CPU
		{F5D87133-2F91-0AA0-ACBC-7BC7517D3CA3}.Release|Any CPU.Build.0 = Release|Any CPU
		{3EF5414F-ED04-5074-61F9-458D28487AC5}.Debug|Any CPU.ActiveCfg = Debug|Any CPU
		{3EF5414F-ED04-5074-61F9-458D28487AC5}.Debug|Any CPU.Build.0 = Debug|Any CPU
		{3EF5414F-ED04-5074-61F9-458D28487AC5}.Release|Any CPU.ActiveCfg = Release|Any CPU
		{3EF5414F-ED04-5074-61F9-458D28487AC5}.Release|Any CPU.Build.0 = Release|Any CPU
		{CF6BCB5A-B87D-7E21-B115-661E14A98C7C}.Debug|Any CPU.ActiveCfg = Debug|Any CPU
		{CF6BCB5A-B87D-7E21-B115-661E14A98C7C}.Debug|Any CPU.Build.0 = Debug|Any CPU
		{CF6BCB5A-B87D-7E21-B115-661E14A98C7C}.Release|Any CPU.ActiveCfg = Release|Any CPU
		{CF6BCB5A-B87D-7E21-B115-661E14A98C7C}.Release|Any CPU.Build.0 = Release|Any CPU
	EndGlobalSection
	GlobalSection(SolutionProperties) = preSolution
		HideSolutionNode = FALSE
	EndGlobalSection
EndGlobal
